<?xml version="1.0" encoding="utf-8"?>
<Project ToolsVersion="4.0" xmlns="http://schemas.microsoft.com/developer/msbuild/2003">
  <ItemGroup>
    <Filter Include="INVIEngine">
      <UniqueIdentifier>{454EE9D7-76D6-43B7-8997-A276C18E5C3A}</UniqueIdentifier>
    </Filter>
    <Filter Include="INVIEngine\Engine">
      <UniqueIdentifier>{2EAD4028-5156-4560-BB26-B0DAF824B656}</UniqueIdentifier>
    </Filter>
    <Filter Include="INVIEngine\Engine\Core">
      <UniqueIdentifier>{62A5AC51-2E65-40A4-B545-099AFE1B3313}</UniqueIdentifier>
    </Filter>
    <Filter Include="INVIEngine\Engine\Log">
      <UniqueIdentifier>{71127E12-F7AC-47CB-81C5-F597A69A7A29}</UniqueIdentifier>
    </Filter>
    <Filter Include="INVIEngine\Engine\Platform">
      <UniqueIdentifier>{C16E0534-EC92-41A7-BF55-21A7F551C1AA}</UniqueIdentifier>
    </Filter>
    <Filter Include="INVIEngine\Engine\Platform\Windows">
      <UniqueIdentifier>{DDD6AD39-4AE1-4113-9531-2F3EFCCAA35A}</UniqueIdentifier>
    </Filter>
    <Filter Include="INVIEngine\simple_library">
      <UniqueIdentifier>{1818D5C4-51F4-4223-9CC3-8F5BB9600932}</UniqueIdentifier>
    </Filter>
    <Filter Include="INVIEngine\simple_library\private">
      <UniqueIdentifier>{B61565F4-23D0-430D-9CC8-3700A2272439}</UniqueIdentifier>
    </Filter>
    <Filter Include="INVIEngine\simple_library\private\simple_channel">
      <UniqueIdentifier>{98CA68D1-C053-4D85-AE1C-B152C482A990}</UniqueIdentifier>
    </Filter>
    <Filter Include="INVIEngine\simple_library\private\simple_channel\simple_io_stream">
      <UniqueIdentifier>{233E1E62-9CC5-4341-AB7F-3B08DC3D1DF4}</UniqueIdentifier>
    </Filter>
    <Filter Include="INVIEngine\simple_library\private\simple_channel\simple_net_channel">
      <UniqueIdentifier>{31F32006-27AE-4F25-8B15-92D570AD3161}</UniqueIdentifier>
    </Filter>
    <Filter Include="INVIEngine\simple_library\private\simple_channel\simple_net_connetion">
      <UniqueIdentifier>{EDB4A212-4928-4BCE-BD70-CE5A84FB3D75}</UniqueIdentifier>
    </Filter>
    <Filter Include="INVIEngine\simple_library\private\simple_channel\simple_net_drive">
      <UniqueIdentifier>{D7F9A959-5856-4DD5-8839-95EB6921A719}</UniqueIdentifier>
    </Filter>
    <Filter Include="INVIEngine\simple_library\private\simple_core_minimal">
      <UniqueIdentifier>{3749BD33-46B0-45EF-9B36-DDCB6327FB6F}</UniqueIdentifier>
    </Filter>
    <Filter Include="INVIEngine\simple_library\private\simple_core_minimal\simple_c_core">
      <UniqueIdentifier>{8795EBA9-F5EA-4086-8A1E-57D8BD695D7D}</UniqueIdentifier>
    </Filter>
    <Filter Include="INVIEngine\simple_library\private\simple_core_minimal\simple_c_core\simple_c_array">
      <UniqueIdentifier>{F0030880-94C1-4AFB-847B-5A573E80A465}</UniqueIdentifier>
    </Filter>
    <Filter Include="INVIEngine\simple_library\private\simple_core_minimal\simple_c_core\simple_c_string_algorithm">
      <UniqueIdentifier>{47E74562-90BD-4156-A15E-2A69EEDFE7B4}</UniqueIdentifier>
    </Filter>
    <Filter Include="INVIEngine\simple_library\private\simple_core_minimal\simple_c_guid">
      <UniqueIdentifier>{2E285293-35D0-40C7-AAB0-5DC509B1E464}</UniqueIdentifier>
    </Filter>
    <Filter Include="INVIEngine\simple_library\private\simple_core_minimal\simple_c_helper_file">
      <UniqueIdentifier>{E59DADB2-CE11-4241-9B32-B65BAE098FAA}</UniqueIdentifier>
    </Filter>
    <Filter Include="INVIEngine\simple_library\private\simple_core_minimal\simple_c_path">
      <UniqueIdentifier>{FA745C62-5D2F-446D-BF2E-2A7476F27DDA}</UniqueIdentifier>
    </Filter>
    <Filter Include="INVIEngine\simple_library\private\simple_core_minimal\simple_c_time">
      <UniqueIdentifier>{4BDD84D4-AEA1-410C-948B-A56943FFA9FE}</UniqueIdentifier>
    </Filter>
    <Filter Include="INVIEngine\simple_library\private\simple_core_minimal\simple_c_windows">
      <UniqueIdentifier>{201ECB26-056A-4BCD-9E81-772D1B48F4B7}</UniqueIdentifier>
    </Filter>
    <Filter Include="INVIEngine\simple_library\private\simple_cpp_core_minimal">
      <UniqueIdentifier>{45A8D48A-89F0-42C8-A1D9-3074F0C017DB}</UniqueIdentifier>
    </Filter>
    <Filter Include="INVIEngine\simple_library\private\simple_cpp_core_minimal\simple_cpp_helper_file">
      <UniqueIdentifier>{9D959C32-C823-4E2F-982A-43BBD96DC043}</UniqueIdentifier>
    </Filter>
    <Filter Include="INVIEngine\simple_library\private\simple_cpp_core_minimal\simple_cpp_string_algorithm">
      <UniqueIdentifier>{1EE4AB98-A1F5-4D4C-9802-1CD7B08AA849}</UniqueIdentifier>
    </Filter>
    <Filter Include="INVIEngine\simple_library\private\simple_c_log">
      <UniqueIdentifier>{70BA1349-07F9-4A0F-AD59-46843131F255}</UniqueIdentifier>
    </Filter>
    <Filter Include="INVIEngine\simple_library\private\simple_image">
      <UniqueIdentifier>{0B27D232-1A92-4849-AAEF-6363DEF38C0D}</UniqueIdentifier>
    </Filter>
    <Filter Include="INVIEngine\simple_library\private\simple_image\Core">
      <UniqueIdentifier>{6BFDA6D8-E423-4928-BCD7-63E1833286CD}</UniqueIdentifier>
    </Filter>
    <Filter Include="INVIEngine\simple_library\private\simple_math">
      <UniqueIdentifier>{6DB24E70-0399-4128-A41B-1E583BC17766}</UniqueIdentifier>
    </Filter>
    <Filter Include="INVIEngine\simple_library\private\simple_math\soft_rasterization">
      <UniqueIdentifier>{68FDA94E-6CA5-42D6-BBC8-6861E3E21DFC}</UniqueIdentifier>
    </Filter>
    <Filter Include="INVIEngine\simple_library\private\simple_math\transformation">
      <UniqueIdentifier>{0173229A-A31E-4D01-B7D8-546512A9A099}</UniqueIdentifier>
    </Filter>
    <Filter Include="INVIEngine\simple_library\private\simple_math\transformation\matrix">
      <UniqueIdentifier>{57CB644E-BA47-4433-B254-74AB4F469101}</UniqueIdentifier>
    </Filter>
    <Filter Include="INVIEngine\simple_library\private\simple_math\transformation\primitives">
      <UniqueIdentifier>{BBF3D95A-C6A6-4688-B483-E0B29ECBC62D}</UniqueIdentifier>
    </Filter>
    <Filter Include="INVIEngine\simple_library\private\simple_math\transformation\quaternion">
      <UniqueIdentifier>{9DA8D115-2686-4A99-B0D2-EBC536B9A053}</UniqueIdentifier>
    </Filter>
    <Filter Include="INVIEngine\simple_library\private\simple_math\transformation\rotator">
      <UniqueIdentifier>{0DBBC9E9-4FA2-4595-B4DA-965CF6EBDB4E}</UniqueIdentifier>
    </Filter>
    <Filter Include="INVIEngine\simple_library\private\simple_math\transformation\vector">
      <UniqueIdentifier>{6D7D6B11-C6BB-45E5-8B73-376C2E16D77F}</UniqueIdentifier>
    </Filter>
    <Filter Include="INVIEngine\simple_library\public">
      <UniqueIdentifier>{DC1DE2C5-592C-4652-A216-6AA9494F811F}</UniqueIdentifier>
    </Filter>
    <Filter Include="INVIEngine\simple_library\public\simple_array">
      <UniqueIdentifier>{EDD8DBC7-5092-4935-97DC-E6B993259E75}</UniqueIdentifier>
    </Filter>
    <Filter Include="INVIEngine\simple_library\public\simple_channel">
      <UniqueIdentifier>{FD656229-8626-4B20-8619-14160E26E157}</UniqueIdentifier>
    </Filter>
    <Filter Include="INVIEngine\simple_library\public\simple_channel\simple_core">
      <UniqueIdentifier>{B1AFFC31-D4C8-451A-A83F-B775FEFE0D3A}</UniqueIdentifier>
    </Filter>
    <Filter Include="INVIEngine\simple_library\public\simple_core_minimal">
      <UniqueIdentifier>{5D62DBC9-8748-44C6-B33F-D52A190DD229}</UniqueIdentifier>
    </Filter>
    <Filter Include="INVIEngine\simple_library\public\simple_core_minimal\simple_c_core">
      <UniqueIdentifier>{48057E49-1BC8-4FDE-8C28-72BD92BAE24C}</UniqueIdentifier>
    </Filter>
    <Filter Include="INVIEngine\simple_library\public\simple_core_minimal\simple_c_core\simple_c_array">
      <UniqueIdentifier>{C4029499-72CD-489C-A660-E7607E3950C3}</UniqueIdentifier>
    </Filter>
    <Filter Include="INVIEngine\simple_library\public\simple_core_minimal\simple_c_core\simple_c_array\Core">
      <UniqueIdentifier>{154FC6EF-18F6-46CA-B10C-F30BC404F865}</UniqueIdentifier>
    </Filter>
    <Filter Include="INVIEngine\simple_library\public\simple_core_minimal\simple_c_core\simple_c_string_algorithm">
      <UniqueIdentifier>{79860191-5AA5-4626-AB19-F659106D8B38}</UniqueIdentifier>
    </Filter>
    <Filter Include="INVIEngine\simple_library\public\simple_core_minimal\simple_c_guid">
      <UniqueIdentifier>{322E9319-8400-413D-B4C0-35AF9E14E98E}</UniqueIdentifier>
    </Filter>
    <Filter Include="INVIEngine\simple_library\public\simple_core_minimal\simple_c_helper_file">
      <UniqueIdentifier>{B59F6D13-7779-4957-A1BA-102A4CC24AA3}</UniqueIdentifier>
    </Filter>
    <Filter Include="INVIEngine\simple_library\public\simple_core_minimal\simple_c_path">
      <UniqueIdentifier>{0FC6DEBC-810B-4769-9F73-54DA91033720}</UniqueIdentifier>
    </Filter>
    <Filter Include="INVIEngine\simple_library\public\simple_core_minimal\simple_c_time">
      <UniqueIdentifier>{C011E705-1B5C-4DA8-8265-871E381FA8AC}</UniqueIdentifier>
    </Filter>
    <Filter Include="INVIEngine\simple_library\public\simple_core_minimal\simple_c_windows">
      <UniqueIdentifier>{BAA1A3B1-BA51-4B87-B22A-6CA3F8BE2956}</UniqueIdentifier>
    </Filter>
    <Filter Include="INVIEngine\simple_library\public\simple_cpp_core_minimal">
      <UniqueIdentifier>{08F4A432-ADD9-461A-A409-B9BBE18BF5BE}</UniqueIdentifier>
    </Filter>
    <Filter Include="INVIEngine\simple_library\public\simple_cpp_core_minimal\shared">
      <UniqueIdentifier>{B7A6D611-08ED-4BE8-B6FD-623304200969}</UniqueIdentifier>
    </Filter>
    <Filter Include="INVIEngine\simple_library\public\simple_cpp_core_minimal\simple_cpp_helper_file">
      <UniqueIdentifier>{F734CE4F-7236-4274-9751-A21755CC3D49}</UniqueIdentifier>
    </Filter>
    <Filter Include="INVIEngine\simple_library\public\simple_cpp_core_minimal\simple_cpp_string_algorithm">
      <UniqueIdentifier>{83504F6B-2E6D-4302-9BB0-E4C0DA2276FC}</UniqueIdentifier>
    </Filter>
    <Filter Include="INVIEngine\simple_library\public\simple_c_log">
      <UniqueIdentifier>{947E8662-AB78-4AF5-9575-1CF3079FD7B6}</UniqueIdentifier>
    </Filter>
    <Filter Include="INVIEngine\simple_library\public\simple_delegate">
      <UniqueIdentifier>{B6202A10-883F-4A0B-9F46-D982EBC1951E}</UniqueIdentifier>
    </Filter>
    <Filter Include="INVIEngine\simple_library\public\simple_http">
      <UniqueIdentifier>{D5C4A411-AC3F-4F76-BED9-6E036CA46116}</UniqueIdentifier>
    </Filter>
    <Filter Include="INVIEngine\simple_library\public\simple_image">
      <UniqueIdentifier>{AB2EB843-7B44-4595-9E04-DFB1996E8A8E}</UniqueIdentifier>
    </Filter>
    <Filter Include="INVIEngine\simple_library\public\simple_image\Core">
      <UniqueIdentifier>{6C07EA94-E959-4CD9-80D2-40E15B998485}</UniqueIdentifier>
    </Filter>
    <Filter Include="INVIEngine\simple_library\public\simple_math">
      <UniqueIdentifier>{AC5D511E-8E57-44FB-A52D-B5C42D68AD66}</UniqueIdentifier>
    </Filter>
    <Filter Include="INVIEngine\simple_library\public\simple_math\soft_rasterization">
      <UniqueIdentifier>{4E26F994-A5D1-4C80-828E-5F7C41E4A112}</UniqueIdentifier>
    </Filter>
    <Filter Include="INVIEngine\simple_library\public\simple_math\transformation">
      <UniqueIdentifier>{0068249E-58B3-4CCF-BBDC-473FBD66A504}</UniqueIdentifier>
    </Filter>
    <Filter Include="INVIEngine\simple_library\public\simple_math\transformation\matrix">
      <UniqueIdentifier>{FBD4C01A-A36C-475F-8252-DE719FE4D7FB}</UniqueIdentifier>
    </Filter>
    <Filter Include="INVIEngine\simple_library\public\simple_math\transformation\primitives">
      <UniqueIdentifier>{84C067BA-4BAE-4417-8931-B45134505B85}</UniqueIdentifier>
    </Filter>
    <Filter Include="INVIEngine\simple_library\public\simple_math\transformation\quaternion">
      <UniqueIdentifier>{D43C25C6-DC25-4D54-AC9D-DA593C311BA2}</UniqueIdentifier>
    </Filter>
    <Filter Include="INVIEngine\simple_library\public\simple_math\transformation\rotator">
      <UniqueIdentifier>{4448E207-0673-42EE-871B-160822035541}</UniqueIdentifier>
    </Filter>
    <Filter Include="INVIEngine\simple_library\public\simple_math\transformation\vector">
      <UniqueIdentifier>{6D7291F5-4904-451F-B7D3-8CAF8C50B11C}</UniqueIdentifier>
    </Filter>
    <Filter Include="INVIEngine\simple_library\public\simple_mysql">
      <UniqueIdentifier>{A836500B-EB9C-4EF5-AE5E-DF1532948963}</UniqueIdentifier>
    </Filter>
    <Filter Include="INVIEngine\simple_library\public\simple_xml">
      <UniqueIdentifier>{F7A4AC36-EBB9-4B46-A808-4BE398E3234B}</UniqueIdentifier>
    </Filter>
    <Filter Include="INVIEngine\simple_library\public\simple_xml\public">
      <UniqueIdentifier>{7EC33F2E-A099-4454-898E-85AF4B744A91}</UniqueIdentifier>
    </Filter>
    <Filter Include="INVIEngine\simple_library\third_party_library">
      <UniqueIdentifier>{24D32C88-1BD5-4D08-85E0-8AC368A91AB4}</UniqueIdentifier>
    </Filter>
    <Filter Include="INVIEngine\simple_library\third_party_library\tinyxml">
      <UniqueIdentifier>{E17C9E3A-473E-4EE2-9A97-9819FA1FEDDF}</UniqueIdentifier>
    </Filter>
    <Filter Include="log">
      <UniqueIdentifier>{159B4CEB-A2E6-411B-9067-56E4F2C8B5B4}</UniqueIdentifier>
    </Filter>
  </ItemGroup>
  <ItemGroup>
    <ClCompile Include="INVIEngine\Engine\Core\Engine.cpp">
      <Filter>INVIEngine\Engine\Core</Filter>
    </ClCompile>
    <ClCompile Include="INVIEngine\Engine\Core\WinMainCommandParameters.cpp">
      <Filter>INVIEngine\Engine\Core</Filter>
    </ClCompile>
    <ClCompile Include="INVIEngine\Engine\EngineFactory.cpp">
      <Filter>INVIEngine\Engine</Filter>
    </ClCompile>
    <ClCompile Include="INVIEngine\Engine\INVIEngine.cpp">
      <Filter>INVIEngine\Engine</Filter>
    </ClCompile>
    <ClCompile Include="INVIEngine\Engine\Platform\Windows\WindowsEngine.cpp">
      <Filter>INVIEngine\Engine\Platform\Windows</Filter>
    </ClCompile>
    <ClCompile Include="INVIEngine\Engine\Platform\Windows\WindowsMessageProcessing.cpp">
      <Filter>INVIEngine\Engine\Platform\Windows</Filter>
    </ClCompile>
    <ClCompile Include="INVIEngine\simple_library\private\simple_channel\simple_io_stream\simple_io_stream.cpp">
      <Filter>INVIEngine\simple_library\private\simple_channel\simple_io_stream</Filter>
    </ClCompile>
    <ClCompile Include="INVIEngine\simple_library\private\simple_channel\simple_net_channel\simple_channel.cpp">
      <Filter>INVIEngine\simple_library\private\simple_channel\simple_net_channel</Filter>
    </ClCompile>
    <ClCompile Include="INVIEngine\simple_library\private\simple_channel\simple_net_connetion\simple_connetion.cpp">
      <Filter>INVIEngine\simple_library\private\simple_channel\simple_net_connetion</Filter>
    </ClCompile>
    <ClCompile Include="INVIEngine\simple_library\private\simple_channel\simple_net_connetion\simple_connetion_tcp.cpp">
      <Filter>INVIEngine\simple_library\private\simple_channel\simple_net_connetion</Filter>
    </ClCompile>
    <ClCompile Include="INVIEngine\simple_library\private\simple_channel\simple_net_connetion\simple_connetion_udp.cpp">
      <Filter>INVIEngine\simple_library\private\simple_channel\simple_net_connetion</Filter>
    </ClCompile>
    <ClCompile Include="INVIEngine\simple_library\private\simple_channel\simple_net_drive\simple_net_drive.cpp">
      <Filter>INVIEngine\simple_library\private\simple_channel\simple_net_drive</Filter>
    </ClCompile>
    <ClCompile Include="INVIEngine\simple_library\private\simple_channel\simple_net_drive\simple_net_drive_tcp.cpp">
      <Filter>INVIEngine\simple_library\private\simple_channel\simple_net_drive</Filter>
    </ClCompile>
    <ClCompile Include="INVIEngine\simple_library\private\simple_channel\simple_net_drive\simple_net_drive_udp.cpp">
      <Filter>INVIEngine\simple_library\private\simple_channel\simple_net_drive</Filter>
    </ClCompile>
    <ClCompile Include="INVIEngine\simple_library\private\simple_channel\simple_net_type.cpp">
      <Filter>INVIEngine\simple_library\private\simple_channel</Filter>
    </ClCompile>
    <ClCompile Include="INVIEngine\simple_library\private\simple_channel\simple_object.cpp">
      <Filter>INVIEngine\simple_library\private\simple_channel</Filter>
    </ClCompile>
    <ClCompile Include="INVIEngine\simple_library\private\simple_core_minimal\simple_c_core\simple_c_array\simple_c_array_string.c">
      <Filter>INVIEngine\simple_library\private\simple_core_minimal\simple_c_core\simple_c_array</Filter>
    </ClCompile>
    <ClCompile Include="INVIEngine\simple_library\private\simple_core_minimal\simple_c_core\simple_c_string_algorithm\string_algorithm.c">
      <Filter>INVIEngine\simple_library\private\simple_core_minimal\simple_c_core\simple_c_string_algorithm</Filter>
    </ClCompile>
    <ClCompile Include="INVIEngine\simple_library\private\simple_core_minimal\simple_c_guid\simple_guid.c">
      <Filter>INVIEngine\simple_library\private\simple_core_minimal\simple_c_guid</Filter>
    </ClCompile>
    <ClCompile Include="INVIEngine\simple_library\private\simple_core_minimal\simple_c_helper_file\simple_file_helper.c">
      <Filter>INVIEngine\simple_library\private\simple_core_minimal\simple_c_helper_file</Filter>
    </ClCompile>
    <ClCompile Include="INVIEngine\simple_library\private\simple_core_minimal\simple_c_path\simple_c_path.c">
      <Filter>INVIEngine\simple_library\private\simple_core_minimal\simple_c_path</Filter>
    </ClCompile>
    <ClCompile Include="INVIEngine\simple_library\private\simple_core_minimal\simple_c_time\simple_c_locale_list.c">
      <Filter>INVIEngine\simple_library\private\simple_core_minimal\simple_c_time</Filter>
    </ClCompile>
    <ClCompile Include="INVIEngine\simple_library\private\simple_core_minimal\simple_c_time\simple_c_time.c">
      <Filter>INVIEngine\simple_library\private\simple_core_minimal\simple_c_time</Filter>
    </ClCompile>
    <ClCompile Include="INVIEngine\simple_library\private\simple_core_minimal\simple_c_windows\simple_c_windows_register.c">
      <Filter>INVIEngine\simple_library\private\simple_core_minimal\simple_c_windows</Filter>
    </ClCompile>
    <ClCompile Include="INVIEngine\simple_library\private\simple_core_minimal\simple_c_windows\simple_c_windows_setting.c">
      <Filter>INVIEngine\simple_library\private\simple_core_minimal\simple_c_windows</Filter>
    </ClCompile>
    <ClCompile Include="INVIEngine\simple_library\private\simple_cpp_core_minimal\simple_cpp_helper_file\simple_cpp_helper_file.cpp">
      <Filter>INVIEngine\simple_library\private\simple_cpp_core_minimal\simple_cpp_helper_file</Filter>
    </ClCompile>
    <ClCompile Include="INVIEngine\simple_library\private\simple_cpp_core_minimal\simple_cpp_string_algorithm\simple_cpp_string_algorithm.cpp">
      <Filter>INVIEngine\simple_library\private\simple_cpp_core_minimal\simple_cpp_string_algorithm</Filter>
    </ClCompile>
    <ClCompile Include="INVIEngine\simple_library\private\simple_c_log\simple_c_log.c">
      <Filter>INVIEngine\simple_library\private\simple_c_log</Filter>
    </ClCompile>
    <ClCompile Include="INVIEngine\simple_library\private\simple_image\Core\simple_image_bmp.cpp">
      <Filter>INVIEngine\simple_library\private\simple_image\Core</Filter>
    </ClCompile>
    <ClCompile Include="INVIEngine\simple_library\private\simple_image\simple_image.cpp">
      <Filter>INVIEngine\simple_library\private\simple_image</Filter>
    </ClCompile>
    <ClCompile Include="INVIEngine\simple_library\private\simple_math\math_utils.cpp">
      <Filter>INVIEngine\simple_library\private\simple_math</Filter>
    </ClCompile>
    <ClCompile Include="INVIEngine\simple_library\private\simple_math\simple_math.c">
      <Filter>INVIEngine\simple_library\private\simple_math</Filter>
    </ClCompile>
    <ClCompile Include="INVIEngine\simple_library\private\simple_math\soft_rasterization\soft_rasterization.cpp">
      <Filter>INVIEngine\simple_library\private\simple_math\soft_rasterization</Filter>
    </ClCompile>
    <ClCompile Include="INVIEngine\simple_library\private\simple_math\transformation\matrix\matrix_2x2.cpp">
      <Filter>INVIEngine\simple_library\private\simple_math\transformation\matrix</Filter>
    </ClCompile>
    <ClCompile Include="INVIEngine\simple_library\private\simple_math\transformation\matrix\matrix_3x3.cpp">
      <Filter>INVIEngine\simple_library\private\simple_math\transformation\matrix</Filter>
    </ClCompile>
    <ClCompile Include="INVIEngine\simple_library\private\simple_math\transformation\matrix\matrix_4x4.cpp">
      <Filter>INVIEngine\simple_library\private\simple_math\transformation\matrix</Filter>
    </ClCompile>
    <ClCompile Include="INVIEngine\simple_library\private\simple_math\transformation\primitives\line.cpp">
      <Filter>INVIEngine\simple_library\private\simple_math\transformation\primitives</Filter>
    </ClCompile>
    <ClCompile Include="INVIEngine\simple_library\private\simple_math\transformation\primitives\triangle.cpp">
      <Filter>INVIEngine\simple_library\private\simple_math\transformation\primitives</Filter>
    </ClCompile>
    <ClCompile Include="INVIEngine\simple_library\private\simple_math\transformation\quaternion\quat.cpp">
      <Filter>INVIEngine\simple_library\private\simple_math\transformation\quaternion</Filter>
    </ClCompile>
    <ClCompile Include="INVIEngine\simple_library\private\simple_math\transformation\rotator\rotator.cpp">
      <Filter>INVIEngine\simple_library\private\simple_math\transformation\rotator</Filter>
    </ClCompile>
    <ClCompile Include="INVIEngine\simple_library\private\simple_math\transformation\vector\vector_2d.cpp">
      <Filter>INVIEngine\simple_library\private\simple_math\transformation\vector</Filter>
    </ClCompile>
    <ClCompile Include="INVIEngine\simple_library\private\simple_math\transformation\vector\vector_2id.cpp">
      <Filter>INVIEngine\simple_library\private\simple_math\transformation\vector</Filter>
    </ClCompile>
    <ClCompile Include="INVIEngine\simple_library\private\simple_math\transformation\vector\vector_3d.cpp">
      <Filter>INVIEngine\simple_library\private\simple_math\transformation\vector</Filter>
    </ClCompile>
    <ClCompile Include="INVIEngine\simple_library\private\simple_math\transformation\vector\vector_3id.cpp">
      <Filter>INVIEngine\simple_library\private\simple_math\transformation\vector</Filter>
    </ClCompile>
    <ClCompile Include="INVIEngine\simple_library\private\simple_math\transformation\vector\vector_4d.cpp">
      <Filter>INVIEngine\simple_library\private\simple_math\transformation\vector</Filter>
    </ClCompile>
    <ClCompile Include="INVIEngine\simple_library\private\simple_math\transformation\vector\vector_4id.cpp">
      <Filter>INVIEngine\simple_library\private\simple_math\transformation\vector</Filter>
    </ClCompile>
    <ClCompile Include="INVIEngine\simple_library\private\simple_math\transformation\vector\vector_color.cpp">
      <Filter>INVIEngine\simple_library\private\simple_math\transformation\vector</Filter>
    </ClCompile>
    <ClCompile Include="INVIEngine\simple_library\third_party_library\tinyxml\tinystr.cpp">
      <Filter>INVIEngine\simple_library\third_party_library\tinyxml</Filter>
    </ClCompile>
    <ClCompile Include="INVIEngine\simple_library\third_party_library\tinyxml\tinyxml.cpp">
      <Filter>INVIEngine\simple_library\third_party_library\tinyxml</Filter>
    </ClCompile>
    <ClCompile Include="INVIEngine\simple_library\third_party_library\tinyxml\tinyxmlerror.cpp">
      <Filter>INVIEngine\simple_library\third_party_library\tinyxml</Filter>
    </ClCompile>
    <ClCompile Include="INVIEngine\simple_library\third_party_library\tinyxml\tinyxmlparser.cpp">
      <Filter>INVIEngine\simple_library\third_party_library\tinyxml</Filter>
    </ClCompile>
    <ClCompile Include="simple_library\private\simple_c_log\simple_c_log.c" />
    <ClCompile Include="simple_library\private\simple_channel\simple_io_stream\simple_io_stream.cpp" />
    <ClCompile Include="simple_library\private\simple_channel\simple_net_channel\simple_channel.cpp" />
    <ClCompile Include="simple_library\private\simple_channel\simple_net_connetion\simple_connetion.cpp" />
    <ClCompile Include="simple_library\private\simple_channel\simple_net_connetion\simple_connetion_tcp.cpp" />
    <ClCompile Include="simple_library\private\simple_channel\simple_net_connetion\simple_connetion_udp.cpp" />
    <ClCompile Include="simple_library\private\simple_channel\simple_net_drive\simple_net_drive.cpp" />
    <ClCompile Include="simple_library\private\simple_channel\simple_net_drive\simple_net_drive_tcp.cpp" />
    <ClCompile Include="simple_library\private\simple_channel\simple_net_drive\simple_net_drive_udp.cpp" />
    <ClCompile Include="simple_library\private\simple_channel\simple_net_type.cpp" />
    <ClCompile Include="simple_library\private\simple_channel\simple_object.cpp" />
    <ClCompile Include="simple_library\private\simple_core_minimal\simple_c_core\simple_c_array\simple_c_array_string.c" />
    <ClCompile Include="simple_library\private\simple_core_minimal\simple_c_core\simple_c_string_algorithm\string_algorithm.c" />
    <ClCompile Include="simple_library\private\simple_core_minimal\simple_c_guid\simple_guid.c" />
    <ClCompile Include="simple_library\private\simple_core_minimal\simple_c_helper_file\simple_file_helper.c" />
    <ClCompile Include="simple_library\private\simple_core_minimal\simple_c_path\simple_c_path.c" />
    <ClCompile Include="simple_library\private\simple_core_minimal\simple_c_time\simple_c_locale_list.c" />
    <ClCompile Include="simple_library\private\simple_core_minimal\simple_c_time\simple_c_time.c" />
    <ClCompile Include="simple_library\private\simple_core_minimal\simple_c_windows\simple_c_windows_register.c" />
    <ClCompile Include="simple_library\private\simple_core_minimal\simple_c_windows\simple_c_windows_setting.c" />
    <ClCompile Include="simple_library\private\simple_cpp_core_minimal\simple_cpp_helper_file\simple_cpp_helper_file.cpp" />
    <ClCompile Include="simple_library\private\simple_cpp_core_minimal\simple_cpp_string_algorithm\simple_cpp_string_algorithm.cpp" />
    <ClCompile Include="simple_library\private\simple_image\Core\simple_image_bmp.cpp" />
    <ClCompile Include="simple_library\private\simple_image\simple_image.cpp" />
    <ClCompile Include="simple_library\private\simple_math\soft_rasterization\soft_rasterization.cpp" />
    <ClCompile Include="simple_library\private\simple_math\transformation\matrix\matrix_2x2.cpp" />
    <ClCompile Include="simple_library\private\simple_math\transformation\matrix\matrix_3x3.cpp" />
    <ClCompile Include="simple_library\private\simple_math\transformation\matrix\matrix_4x4.cpp" />
    <ClCompile Include="simple_library\private\simple_math\transformation\primitives\line.cpp" />
    <ClCompile Include="simple_library\private\simple_math\transformation\primitives\triangle.cpp" />
    <ClCompile Include="simple_library\private\simple_math\transformation\quaternion\quat.cpp" />
    <ClCompile Include="simple_library\private\simple_math\transformation\rotator\rotator.cpp" />
    <ClCompile Include="simple_library\private\simple_math\transformation\vector\vector_2d.cpp" />
    <ClCompile Include="simple_library\private\simple_math\transformation\vector\vector_2id.cpp" />
    <ClCompile Include="simple_library\private\simple_math\transformation\vector\vector_3d.cpp" />
    <ClCompile Include="simple_library\private\simple_math\transformation\vector\vector_3id.cpp" />
    <ClCompile Include="simple_library\private\simple_math\transformation\vector\vector_4d.cpp" />
    <ClCompile Include="simple_library\private\simple_math\transformation\vector\vector_4id.cpp" />
    <ClCompile Include="simple_library\private\simple_math\transformation\vector\vector_color.cpp" />
    <ClCompile Include="simple_library\private\simple_math\math_utils.cpp" />
    <ClCompile Include="simple_library\private\simple_math\simple_math.c" />
    <ClCompile Include="simple_library\third_party_library\tinyxml\tinystr.cpp" />
    <ClCompile Include="simple_library\third_party_library\tinyxml\tinyxml.cpp" />
    <ClCompile Include="simple_library\third_party_library\tinyxml\tinyxmlerror.cpp" />
    <ClCompile Include="simple_library\third_party_library\tinyxml\tinyxmlparser.cpp" />
    <ClCompile Include="Engine\Core\Engine.cpp" />
    <ClCompile Include="Engine\Core\WinMainCommandParameters.cpp" />
    <ClCompile Include="Engine\Platform\Windows\WindowsEngine.cpp" />
    <ClCompile Include="Engine\Platform\Windows\WindowsMessageProcessing.cpp" />
    <ClCompile Include="Engine\EngineFactory.cpp" />
    <ClCompile Include="Engine\INVIEngine.cpp" />
  </ItemGroup>
  <ItemGroup>
    <ClInclude Include="INVIEngine\Engine\Core\Engine.h">
      <Filter>INVIEngine\Engine\Core</Filter>
    </ClInclude>
    <ClInclude Include="INVIEngine\Engine\Core\WinMainCommandParameters.h">
      <Filter>INVIEngine\Engine\Core</Filter>
    </ClInclude>
    <ClInclude Include="INVIEngine\Engine\EngineFactory.h">
      <Filter>INVIEngine\Engine</Filter>
    </ClInclude>
    <ClInclude Include="INVIEngine\Engine\EngineMinimal.h">
      <Filter>INVIEngine\Engine</Filter>
    </ClInclude>
    <ClInclude Include="INVIEngine\Engine\Log\SimpleLog.h">
      <Filter>INVIEngine\Engine\Log</Filter>
    </ClInclude>
    <ClInclude Include="INVIEngine\Engine\Platform\Windows\WindowsEngine.h">
      <Filter>INVIEngine\Engine\Platform\Windows</Filter>
    </ClInclude>
    <ClInclude Include="INVIEngine\Engine\Platform\Windows\WindowsMessageProcessing.h">
      <Filter>INVIEngine\Engine\Platform\Windows</Filter>
    </ClInclude>
    <ClInclude Include="INVIEngine\simple_library\private\simple_channel\simple_net_connetion\simple_connetion_tcp.h">
      <Filter>INVIEngine\simple_library\private\simple_channel\simple_net_connetion</Filter>
    </ClInclude>
    <ClInclude Include="INVIEngine\simple_library\private\simple_channel\simple_net_connetion\simple_connetion_udp.h">
      <Filter>INVIEngine\simple_library\private\simple_channel\simple_net_connetion</Filter>
    </ClInclude>
    <ClInclude Include="INVIEngine\simple_library\private\simple_channel\simple_net_drive\simple_net_drive_tcp.h">
      <Filter>INVIEngine\simple_library\private\simple_channel\simple_net_drive</Filter>
    </ClInclude>
    <ClInclude Include="INVIEngine\simple_library\private\simple_channel\simple_net_drive\simple_net_drive_udp.h">
      <Filter>INVIEngine\simple_library\private\simple_channel\simple_net_drive</Filter>
    </ClInclude>
    <ClInclude Include="INVIEngine\simple_library\public\simple_array\simple_hash_array.h">
      <Filter>INVIEngine\simple_library\public\simple_array</Filter>
    </ClInclude>
    <ClInclude Include="INVIEngine\simple_library\public\simple_channel\simple_core\simple_channel.h">
      <Filter>INVIEngine\simple_library\public\simple_channel\simple_core</Filter>
    </ClInclude>
    <ClInclude Include="INVIEngine\simple_library\public\simple_channel\simple_core\simple_connetion.h">
      <Filter>INVIEngine\simple_library\public\simple_channel\simple_core</Filter>
    </ClInclude>
    <ClInclude Include="INVIEngine\simple_library\public\simple_channel\simple_core\simple_io_stream.h">
      <Filter>INVIEngine\simple_library\public\simple_channel\simple_core</Filter>
    </ClInclude>
    <ClInclude Include="INVIEngine\simple_library\public\simple_channel\simple_core\simple_net_macro.h">
      <Filter>INVIEngine\simple_library\public\simple_channel\simple_core</Filter>
    </ClInclude>
    <ClInclude Include="INVIEngine\simple_library\public\simple_channel\simple_core\simple_object.h">
      <Filter>INVIEngine\simple_library\public\simple_channel\simple_core</Filter>
    </ClInclude>
    <ClInclude Include="INVIEngine\simple_library\public\simple_channel\simple_net_drive.h">
      <Filter>INVIEngine\simple_library\public\simple_channel</Filter>
    </ClInclude>
    <ClInclude Include="INVIEngine\simple_library\public\simple_channel\simple_net_protocols.h">
      <Filter>INVIEngine\simple_library\public\simple_channel</Filter>
    </ClInclude>
    <ClInclude Include="INVIEngine\simple_library\public\simple_channel\simple_net_type.h">
      <Filter>INVIEngine\simple_library\public\simple_channel</Filter>
    </ClInclude>
    <ClInclude Include="INVIEngine\simple_library\public\simple_channel\simple_protocols_definition.h">
      <Filter>INVIEngine\simple_library\public\simple_channel</Filter>
    </ClInclude>
    <ClInclude Include="INVIEngine\simple_library\public\simple_core_minimal\simple_c_core\simple_core_minimal.h">
      <Filter>INVIEngine\simple_library\public\simple_core_minimal\simple_c_core</Filter>
    </ClInclude>
    <ClInclude Include="INVIEngine\simple_library\public\simple_core_minimal\simple_c_core\simple_c_array\Core\simple_array_c_macro.h">
      <Filter>INVIEngine\simple_library\public\simple_core_minimal\simple_c_core\simple_c_array\Core</Filter>
    </ClInclude>
    <ClInclude Include="INVIEngine\simple_library\public\simple_core_minimal\simple_c_core\simple_c_array\simple_c_array.h">
      <Filter>INVIEngine\simple_library\public\simple_core_minimal\simple_c_core\simple_c_array</Filter>
    </ClInclude>
    <ClInclude Include="INVIEngine\simple_library\public\simple_core_minimal\simple_c_core\simple_c_array\simple_c_array_string.h">
      <Filter>INVIEngine\simple_library\public\simple_core_minimal\simple_c_core\simple_c_array</Filter>
    </ClInclude>
    <ClInclude Include="INVIEngine\simple_library\public\simple_core_minimal\simple_c_core\simple_c_string_algorithm\string_algorithm.h">
      <Filter>INVIEngine\simple_library\public\simple_core_minimal\simple_c_core\simple_c_string_algorithm</Filter>
    </ClInclude>
    <ClInclude Include="INVIEngine\simple_library\public\simple_core_minimal\simple_c_guid\simple_guid.h">
      <Filter>INVIEngine\simple_library\public\simple_core_minimal\simple_c_guid</Filter>
    </ClInclude>
    <ClInclude Include="INVIEngine\simple_library\public\simple_core_minimal\simple_c_helper_file\simple_file_helper.h">
      <Filter>INVIEngine\simple_library\public\simple_core_minimal\simple_c_helper_file</Filter>
    </ClInclude>
    <ClInclude Include="INVIEngine\simple_library\public\simple_core_minimal\simple_c_path\simple_path.h">
      <Filter>INVIEngine\simple_library\public\simple_core_minimal\simple_c_path</Filter>
    </ClInclude>
    <ClInclude Include="INVIEngine\simple_library\public\simple_core_minimal\simple_c_time\simple_c_locale_list.h">
      <Filter>INVIEngine\simple_library\public\simple_core_minimal\simple_c_time</Filter>
    </ClInclude>
    <ClInclude Include="INVIEngine\simple_library\public\simple_core_minimal\simple_c_time\simple_c_time.h">
      <Filter>INVIEngine\simple_library\public\simple_core_minimal\simple_c_time</Filter>
    </ClInclude>
    <ClInclude Include="INVIEngine\simple_library\public\simple_core_minimal\simple_c_windows\simple_c_windows_register.h">
      <Filter>INVIEngine\simple_library\public\simple_core_minimal\simple_c_windows</Filter>
    </ClInclude>
    <ClInclude Include="INVIEngine\simple_library\public\simple_core_minimal\simple_c_windows\simple_c_windows_setting.h">
      <Filter>INVIEngine\simple_library\public\simple_core_minimal\simple_c_windows</Filter>
    </ClInclude>
    <ClInclude Include="INVIEngine\simple_library\public\simple_cpp_core_minimal\shared\simple_cpp_shared_ptr.h">
      <Filter>INVIEngine\simple_library\public\simple_cpp_core_minimal\shared</Filter>
    </ClInclude>
    <ClInclude Include="INVIEngine\simple_library\public\simple_cpp_core_minimal\shared\simple_cpp_shared_ptr_type.h">
      <Filter>INVIEngine\simple_library\public\simple_cpp_core_minimal\shared</Filter>
    </ClInclude>
    <ClInclude Include="INVIEngine\simple_library\public\simple_cpp_core_minimal\simple_cpp_core_minimal.h">
      <Filter>INVIEngine\simple_library\public\simple_cpp_core_minimal</Filter>
    </ClInclude>
    <ClInclude Include="INVIEngine\simple_library\public\simple_cpp_core_minimal\simple_cpp_helper_file\simple_cpp_helper_file.h">
      <Filter>INVIEngine\simple_library\public\simple_cpp_core_minimal\simple_cpp_helper_file</Filter>
    </ClInclude>
    <ClInclude Include="INVIEngine\simple_library\public\simple_cpp_core_minimal\simple_cpp_string_algorithm\simple_cpp_string_algorithm.h">
      <Filter>INVIEngine\simple_library\public\simple_cpp_core_minimal\simple_cpp_string_algorithm</Filter>
    </ClInclude>
    <ClInclude Include="INVIEngine\simple_library\public\simple_c_log\simple_c_log.h">
      <Filter>INVIEngine\simple_library\public\simple_c_log</Filter>
    </ClInclude>
    <ClInclude Include="INVIEngine\simple_library\public\simple_delegate\simple_delegate.h">
      <Filter>INVIEngine\simple_library\public\simple_delegate</Filter>
    </ClInclude>
    <ClInclude Include="INVIEngine\simple_library\public\simple_image\Core\simple_image_bmp.h">
      <Filter>INVIEngine\simple_library\public\simple_image\Core</Filter>
    </ClInclude>
    <ClInclude Include="INVIEngine\simple_library\public\simple_image\Core\simple_image_type.h">
      <Filter>INVIEngine\simple_library\public\simple_image\Core</Filter>
    </ClInclude>
    <ClInclude Include="INVIEngine\simple_library\public\simple_image\simple_image.h">
      <Filter>INVIEngine\simple_library\public\simple_image</Filter>
    </ClInclude>
    <ClInclude Include="INVIEngine\simple_library\public\simple_library.h">
      <Filter>INVIEngine\simple_library\public</Filter>
    </ClInclude>
    <ClInclude Include="INVIEngine\simple_library\public\simple_library_macro.h">
      <Filter>INVIEngine\simple_library\public</Filter>
    </ClInclude>
    <ClInclude Include="INVIEngine\simple_library\public\simple_math\math_libray.hpp">
      <Filter>INVIEngine\simple_library\public\simple_math</Filter>
    </ClInclude>
    <ClInclude Include="INVIEngine\simple_library\public\simple_math\math_utils.h">
      <Filter>INVIEngine\simple_library\public\simple_math</Filter>
    </ClInclude>
    <ClInclude Include="INVIEngine\simple_library\public\simple_math\simple_core_math.h">
      <Filter>INVIEngine\simple_library\public\simple_math</Filter>
    </ClInclude>
    <ClInclude Include="INVIEngine\simple_library\public\simple_math\simple_math.h">
      <Filter>INVIEngine\simple_library\public\simple_math</Filter>
    </ClInclude>
    <ClInclude Include="INVIEngine\simple_library\public\simple_math\soft_rasterization\soft_rasterization.h">
      <Filter>INVIEngine\simple_library\public\simple_math\soft_rasterization</Filter>
    </ClInclude>
    <ClInclude Include="INVIEngine\simple_library\public\simple_math\transformation\matrix\matrix_2x2.h">
      <Filter>INVIEngine\simple_library\public\simple_math\transformation\matrix</Filter>
    </ClInclude>
    <ClInclude Include="INVIEngine\simple_library\public\simple_math\transformation\matrix\matrix_3x3.h">
      <Filter>INVIEngine\simple_library\public\simple_math\transformation\matrix</Filter>
    </ClInclude>
    <ClInclude Include="INVIEngine\simple_library\public\simple_math\transformation\matrix\matrix_4x4.h">
      <Filter>INVIEngine\simple_library\public\simple_math\transformation\matrix</Filter>
    </ClInclude>
    <ClInclude Include="INVIEngine\simple_library\public\simple_math\transformation\primitives\line.h">
      <Filter>INVIEngine\simple_library\public\simple_math\transformation\primitives</Filter>
    </ClInclude>
    <ClInclude Include="INVIEngine\simple_library\public\simple_math\transformation\primitives\triangle.h">
      <Filter>INVIEngine\simple_library\public\simple_math\transformation\primitives</Filter>
    </ClInclude>
    <ClInclude Include="INVIEngine\simple_library\public\simple_math\transformation\quaternion\quat.h">
      <Filter>INVIEngine\simple_library\public\simple_math\transformation\quaternion</Filter>
    </ClInclude>
    <ClInclude Include="INVIEngine\simple_library\public\simple_math\transformation\rotator\rotator.h">
      <Filter>INVIEngine\simple_library\public\simple_math\transformation\rotator</Filter>
    </ClInclude>
    <ClInclude Include="INVIEngine\simple_library\public\simple_math\transformation\vector\vector_2d.h">
      <Filter>INVIEngine\simple_library\public\simple_math\transformation\vector</Filter>
    </ClInclude>
    <ClInclude Include="INVIEngine\simple_library\public\simple_math\transformation\vector\vector_2id.h">
      <Filter>INVIEngine\simple_library\public\simple_math\transformation\vector</Filter>
    </ClInclude>
    <ClInclude Include="INVIEngine\simple_library\public\simple_math\transformation\vector\vector_3d.h">
      <Filter>INVIEngine\simple_library\public\simple_math\transformation\vector</Filter>
    </ClInclude>
    <ClInclude Include="INVIEngine\simple_library\public\simple_math\transformation\vector\vector_3id.h">
      <Filter>INVIEngine\simple_library\public\simple_math\transformation\vector</Filter>
    </ClInclude>
    <ClInclude Include="INVIEngine\simple_library\public\simple_math\transformation\vector\vector_4d.h">
      <Filter>INVIEngine\simple_library\public\simple_math\transformation\vector</Filter>
    </ClInclude>
    <ClInclude Include="INVIEngine\simple_library\public\simple_math\transformation\vector\vector_4id.h">
      <Filter>INVIEngine\simple_library\public\simple_math\transformation\vector</Filter>
    </ClInclude>
    <ClInclude Include="INVIEngine\simple_library\public\simple_math\transformation\vector\vector_color.h">
      <Filter>INVIEngine\simple_library\public\simple_math\transformation\vector</Filter>
    </ClInclude>
    <ClInclude Include="INVIEngine\simple_library\third_party_library\tinyxml\tinystr.h">
      <Filter>INVIEngine\simple_library\third_party_library\tinyxml</Filter>
    </ClInclude>
    <ClInclude Include="INVIEngine\simple_library\third_party_library\tinyxml\tinyxml.h">
      <Filter>INVIEngine\simple_library\third_party_library\tinyxml</Filter>
    </ClInclude>
    <ClInclude Include="simple_library\private\simple_channel\simple_net_connetion\simple_connetion_tcp.h" />
    <ClInclude Include="simple_library\private\simple_channel\simple_net_connetion\simple_connetion_udp.h" />
    <ClInclude Include="simple_library\private\simple_channel\simple_net_drive\simple_net_drive_tcp.h" />
    <ClInclude Include="simple_library\private\simple_channel\simple_net_drive\simple_net_drive_udp.h" />
    <ClInclude Include="simple_library\public\simple_array\simple_hash_array.h" />
    <ClInclude Include="simple_library\public\simple_c_log\simple_c_log.h" />
    <ClInclude Include="simple_library\public\simple_channel\simple_core\simple_channel.h" />
    <ClInclude Include="simple_library\public\simple_channel\simple_core\simple_connetion.h" />
    <ClInclude Include="simple_library\public\simple_channel\simple_core\simple_io_stream.h" />
    <ClInclude Include="simple_library\public\simple_channel\simple_core\simple_net_macro.h" />
    <ClInclude Include="simple_library\public\simple_channel\simple_core\simple_object.h" />
    <ClInclude Include="simple_library\public\simple_channel\simple_net_drive.h" />
    <ClInclude Include="simple_library\public\simple_channel\simple_net_protocols.h" />
    <ClInclude Include="simple_library\public\simple_channel\simple_net_type.h" />
    <ClInclude Include="simple_library\public\simple_channel\simple_protocols_definition.h" />
    <ClInclude Include="simple_library\public\simple_core_minimal\simple_c_core\simple_c_array\Core\simple_array_c_macro.h" />
    <ClInclude Include="simple_library\public\simple_core_minimal\simple_c_core\simple_c_array\simple_c_array.h" />
    <ClInclude Include="simple_library\public\simple_core_minimal\simple_c_core\simple_c_array\simple_c_array_string.h" />
    <ClInclude Include="simple_library\public\simple_core_minimal\simple_c_core\simple_c_string_algorithm\string_algorithm.h" />
    <ClInclude Include="simple_library\public\simple_core_minimal\simple_c_core\simple_core_minimal.h" />
    <ClInclude Include="simple_library\public\simple_core_minimal\simple_c_guid\simple_guid.h" />
    <ClInclude Include="simple_library\public\simple_core_minimal\simple_c_helper_file\simple_file_helper.h" />
    <ClInclude Include="simple_library\public\simple_core_minimal\simple_c_path\simple_path.h" />
    <ClInclude Include="simple_library\public\simple_core_minimal\simple_c_time\simple_c_locale_list.h" />
    <ClInclude Include="simple_library\public\simple_core_minimal\simple_c_time\simple_c_time.h" />
    <ClInclude Include="simple_library\public\simple_core_minimal\simple_c_windows\simple_c_windows_register.h" />
    <ClInclude Include="simple_library\public\simple_core_minimal\simple_c_windows\simple_c_windows_setting.h" />
    <ClInclude Include="simple_library\public\simple_cpp_core_minimal\shared\simple_cpp_shared_ptr.h" />
    <ClInclude Include="simple_library\public\simple_cpp_core_minimal\shared\simple_cpp_shared_ptr_type.h" />
    <ClInclude Include="simple_library\public\simple_cpp_core_minimal\simple_cpp_helper_file\simple_cpp_helper_file.h" />
    <ClInclude Include="simple_library\public\simple_cpp_core_minimal\simple_cpp_string_algorithm\simple_cpp_string_algorithm.h" />
    <ClInclude Include="simple_library\public\simple_cpp_core_minimal\simple_cpp_core_minimal.h" />
    <ClInclude Include="simple_library\public\simple_delegate\simple_delegate.h" />
    <ClInclude Include="simple_library\public\simple_image\Core\simple_image_bmp.h" />
    <ClInclude Include="simple_library\public\simple_image\Core\simple_image_type.h" />
    <ClInclude Include="simple_library\public\simple_image\simple_image.h" />
    <ClInclude Include="simple_library\public\simple_math\soft_rasterization\soft_rasterization.h" />
    <ClInclude Include="simple_library\public\simple_math\transformation\matrix\matrix_2x2.h" />
    <ClInclude Include="simple_library\public\simple_math\transformation\matrix\matrix_3x3.h" />
    <ClInclude Include="simple_library\public\simple_math\transformation\matrix\matrix_4x4.h" />
    <ClInclude Include="simple_library\public\simple_math\transformation\primitives\line.h" />
    <ClInclude Include="simple_library\public\simple_math\transformation\primitives\triangle.h" />
    <ClInclude Include="simple_library\public\simple_math\transformation\quaternion\quat.h" />
    <ClInclude Include="simple_library\public\simple_math\transformation\rotator\rotator.h" />
    <ClInclude Include="simple_library\public\simple_math\transformation\vector\vector_2d.h" />
    <ClInclude Include="simple_library\public\simple_math\transformation\vector\vector_2id.h" />
    <ClInclude Include="simple_library\public\simple_math\transformation\vector\vector_3d.h" />
    <ClInclude Include="simple_library\public\simple_math\transformation\vector\vector_3id.h" />
    <ClInclude Include="simple_library\public\simple_math\transformation\vector\vector_4d.h" />
    <ClInclude Include="simple_library\public\simple_math\transformation\vector\vector_4id.h" />
    <ClInclude Include="simple_library\public\simple_math\transformation\vector\vector_color.h" />
    <ClInclude Include="simple_library\public\simple_math\math_libray.hpp" />
    <ClInclude Include="simple_library\public\simple_math\math_utils.h" />
    <ClInclude Include="simple_library\public\simple_math\simple_core_math.h" />
    <ClInclude Include="simple_library\public\simple_math\simple_math.h" />
    <ClInclude Include="simple_library\public\simple_library.h" />
    <ClInclude Include="simple_library\public\simple_library_macro.h" />
    <ClInclude Include="simple_library\third_party_library\tinyxml\tinystr.h" />
    <ClInclude Include="simple_library\third_party_library\tinyxml\tinyxml.h" />
    <ClInclude Include="Engine\Core\Engine.h" />
    <ClInclude Include="Engine\Core\WinMainCommandParameters.h" />
    <ClInclude Include="Engine\Log\SimpleLog.h" />
    <ClInclude Include="Engine\Platform\Windows\WindowsEngine.h" />
    <ClInclude Include="Engine\Platform\Windows\WindowsMessageProcessing.h" />
    <ClInclude Include="Engine\EngineFactory.h" />
    <ClInclude Include="Engine\EngineMinimal.h" />
  </ItemGroup>
</Project>